
Microsoft Visual Studio Solution File, Format Version 12.00
Project("{FAE04EC0-301F-11D3-BF4B-00C04F79EFBC}") = "ProductExample.Core", "ProductExample.Core\ProductExample.Core.csproj", "{EC815A9B-B363-4036-849E-832811EF279B}"
EndProject
Project("{FAE04EC0-301F-11D3-BF4B-00C04F79EFBC}") = "ProductExample.UnitTest", "ProductExample.UnitTest\ProductExample.UnitTest.csproj", "{BB1E4CEF-3E6D-4BF7-8BC6-CA4737E07925}"
EndProject
Project("{FAE04EC0-301F-11D3-BF4B-00C04F79EFBC}") = "ProductExample.Extensions", "ProductExample.Extensions\ProductExample.Extensions.csproj", "{0681DEF0-9DBD-4B20-B36F-8CB8CDC6B908}"
EndProject
Project("{2150E333-8FDC-42A3-9474-1A3956D46DE8}") = "Core", "Core", "{5065A96D-73E6-4FD1-AB28-DA0E0458EC9E}"
EndProject
Project("{2150E333-8FDC-42A3-9474-1A3956D46DE8}") = "Products", "Products", "{888BC87B-D15D-42DC-B3BC-193A96C9CC14}"
EndProject
Project("{FAE04EC0-301F-11D3-BF4B-00C04F79EFBC}") = "ProductExample.Product.A", "ProductExample.Product.A\ProductExample.Product.A.csproj", "{A11B2BAA-5EFA-449F-8C62-141CB857039E}"
EndProject
Project("{FAE04EC0-301F-11D3-BF4B-00C04F79EFBC}") = "ProductExample.Product.B", "ProductExample.Product.B\ProductExample.Product.B.csproj", "{FF101579-8467-446B-9053-45C16C51660C}"
EndProject
Project("{FAE04EC0-301F-11D3-BF4B-00C04F79EFBC}") = "ProductExample.Product.C", "ProductExample.Product.C\ProductExample.Product.C.csproj", "{9F71DED2-E37F-44CD-8B76-D1CEAA3DDFC6}"
EndProject
Project("{2150E333-8FDC-42A3-9474-1A3956D46DE8}") = "API", "API", "{032FC82B-D1DB-4181-9D0C-0CEFF85C8915}"
EndProject
Project("{FAE04EC0-301F-11D3-BF4B-00C04F79EFBC}") = "ProductExample.Api", "ProductExample.Api\ProductExample.Api.csproj", "{468F60A9-2D30-4565-B4D0-9D77A34D195F}"
EndProject
Global
	GlobalSection(SolutionConfigurationPlatforms) = preSolution
		Debug|Any CPU = Debug|Any CPU
		Release|Any CPU = Release|Any CPU
	EndGlobalSection
	GlobalSection(ProjectConfigurationPlatforms) = postSolution
		{EC815A9B-B363-4036-849E-832811EF279B}.Debug|Any CPU.ActiveCfg = Debug|Any CPU
		{EC815A9B-B363-4036-849E-832811EF279B}.Debug|Any CPU.Build.0 = Debug|Any CPU
		{EC815A9B-B363-4036-849E-832811EF279B}.Release|Any CPU.ActiveCfg = Release|Any CPU
		{EC815A9B-B363-4036-849E-832811EF279B}.Release|Any CPU.Build.0 = Release|Any CPU
		{BB1E4CEF-3E6D-4BF7-8BC6-CA4737E07925}.Debug|Any CPU.ActiveCfg = Debug|Any CPU
		{BB1E4CEF-3E6D-4BF7-8BC6-CA4737E07925}.Debug|Any CPU.Build.0 = Debug|Any CPU
		{BB1E4CEF-3E6D-4BF7-8BC6-CA4737E07925}.Release|Any CPU.ActiveCfg = Release|Any CPU
		{BB1E4CEF-3E6D-4BF7-8BC6-CA4737E07925}.Release|Any CPU.Build.0 = Release|Any CPU
		{0681DEF0-9DBD-4B20-B36F-8CB8CDC6B908}.Debug|Any CPU.ActiveCfg = Debug|Any CPU
		{0681DEF0-9DBD-4B20-B36F-8CB8CDC6B908}.Debug|Any CPU.Build.0 = Debug|Any CPU
		{0681DEF0-9DBD-4B20-B36F-8CB8CDC6B908}.Release|Any CPU.ActiveCfg = Release|Any CPU
		{0681DEF0-9DBD-4B20-B36F-8CB8CDC6B908}.Release|Any CPU.Build.0 = Release|Any CPU
		{A11B2BAA-5EFA-449F-8C62-141CB857039E}.Debug|Any CPU.ActiveCfg = Debug|Any CPU
		{A11B2BAA-5EFA-449F-8C62-141CB857039E}.Debug|Any CPU.Build.0 = Debug|Any CPU
		{A11B2BAA-5EFA-449F-8C62-141CB857039E}.Release|Any CPU.ActiveCfg = Release|Any CPU
		{A11B2BAA-5EFA-449F-8C62-141CB857039E}.Release|Any CPU.Build.0 = Release|Any CPU
		{FF101579-8467-446B-9053-45C16C51660C}.Debug|Any CPU.ActiveCfg = Debug|Any CPU
		{FF101579-8467-446B-9053-45C16C51660C}.Debug|Any CPU.Build.0 = Debug|Any CPU
		{FF101579-8467-446B-9053-45C16C51660C}.Release|Any CPU.ActiveCfg = Release|Any CPU
		{FF101579-8467-446B-9053-45C16C51660C}.Release|Any CPU.Build.0 = Release|Any CPU
		{9F71DED2-E37F-44CD-8B76-D1CEAA3DDFC6}.Debug|Any CPU.ActiveCfg = Debug|Any CPU
		{9F71DED2-E37F-44CD-8B76-D1CEAA3DDFC6}.Debug|Any CPU.Build.0 = Debug|Any CPU
		{9F71DED2-E37F-44CD-8B76-D1CEAA3DDFC6}.Release|Any CPU.ActiveCfg = Release|Any CPU
		{9F71DED2-E37F-44CD-8B76-D1CEAA3DDFC6}.Release|Any CPU.Build.0 = Release|Any CPU
		{468F60A9-2D30-4565-B4D0-9D77A34D195F}.Debug|Any CPU.ActiveCfg = Debug|Any CPU
		{468F60A9-2D30-4565-B4D0-9D77A34D195F}.Debug|Any CPU.Build.0 = Debug|Any CPU
		{468F60A9-2D30-4565-B4D0-9D77A34D195F}.Release|Any CPU.ActiveCfg = Release|Any CPU
		{468F60A9-2D30-4565-B4D0-9D77A34D195F}.Release|Any CPU.Build.0 = Release|Any CPU
	EndGlobalSection
	GlobalSection(NestedProjects) = preSolution
		{EC815A9B-B363-4036-849E-832811EF279B} = {5065A96D-73E6-4FD1-AB28-DA0E0458EC9E}
		{0681DEF0-9DBD-4B20-B36F-8CB8CDC6B908} = {5065A96D-73E6-4FD1-AB28-DA0E0458EC9E}
		{A11B2BAA-5EFA-449F-8C62-141CB857039E} = {888BC87B-D15D-42DC-B3BC-193A96C9CC14}
		{FF101579-8467-446B-9053-45C16C51660C} = {888BC87B-D15D-42DC-B3BC-193A96C9CC14}
		{9F71DED2-E37F-44CD-8B76-D1CEAA3DDFC6} = {888BC87B-D15D-42DC-B3BC-193A96C9CC14}
		{468F60A9-2D30-4565-B4D0-9D77A34D195F} = {032FC82B-D1DB-4181-9D0C-0CEFF85C8915}
	EndGlobalSection
EndGlobal
